PODS:
  - Kanna (2.1.1)
  - MarqueeLabel/Swift (3.1.2)

DEPENDENCIES:
  - Kanna (~> 2.1.0)
  - MarqueeLabel/Swift

SPEC REPOS:
  https://github.com/cocoapods/specs.git:
    - Kanna
    - MarqueeLabel

SPEC CHECKSUMS:
  Kanna: 9b4b086c218703f2b94f5b21a466217dd2f9332e
  MarqueeLabel: fcd7057a779422d86589be759036f1510b08c6a0

PODFILE CHECKSUM: 69943a456e8da669bfe88ffe4598b8290beb8910

COCOAPODS: 1.6.0.beta.1
